// !$*UTF8*$!
{
	archiveVersion = 1;
	classes = {
	};
	objectVersion = 46;
	objects = {

/* Begin PBXFileReference section */
		58A0E1FB136D152200539D9D /* libwaitress.a */ = {isa = PBXFileReference; explicitFileType = archive.ar; includeInIndex = 0; path = libwaitress.a; sourceTree = BUILT_PRODUCTS_DIR; };
/* End PBXFileReference section */

/* Begin PBXFrameworksBuildPhase section */
		58A0E1F8136D152200539D9D /* Frameworks */ = {
			isa = PBXFrameworksBuildPhase;
			buildActionMask = 2147483647;
			files = (
			);
			runOnlyForDeploymentPostprocessing = 0;
		};
/* End PBXFrameworksBuildPhase section */

/* Begin PBXGroup section */
		58A0E1F0136D152200539D9D = {
			isa = PBXGroup;
			children = (
				58A0E1FC136D152200539D9D /* Products */,
			);
			sourceTree = "<group>";
		};
		58A0E1FC136D152200539D9D /* Products */ = {
			isa = PBXGroup;
			children = (
				58A0E1FB136D152200539D9D /* libwaitress.a */,
			);
			name = Products;
			sourceTree = "<group>";
		};
/* End PBXGroup section */

/* Begin PBXHeadersBuildPhase section */
		58A0E1F9136D152200539D9D /* Headers */ = {
			isa = PBXHeadersBuildPhase;
			buildActionMask = 2147483647;
			files = (
			);
			runOnlyForDeploymentPostprocessing = 0;
		};
/* End PBXHeadersBuildPhase section */

/* Begin PBXNativeTarget section */
		58A0E1FA136D152200539D9D /* waitress */ = {
			isa = PBXNativeTarget;
			buildConfigurationList = 58A0E1FF136D152200539D9D /* Build configuration list for PBXNativeTarget "waitress" */;
			buildPhases = (
				58A0E1F7136D152200539D9D /* Sources */,
				58A0E1F8136D152200539D9D /* Frameworks */,
				58A0E1F9136D152200539D9D /* Headers */,
			);
			buildRules = (
			);
			dependencies = (
			);
			name = waitress;
			productName = waitress;
			productReference = 58A0E1FB136D152200539D9D /* libwaitress.a */;
			productType = "com.apple.product-type.library.static";
		};
/* End PBXNativeTarget section */

/* Begin PBXProject section */
		58A0E1F2136D152200539D9D /* Project object */ = {
			isa = PBXProject;
			attributes = {
				ORGANIZATIONNAME = "J. Haitas, LLC";
			};
			buildConfigurationList = 58A0E1F5136D152200539D9D /* Build configuration list for PBXProject "waitress" */;
			compatibilityVersion = "Xcode 3.2";
			developmentRegion = English;
			hasScannedForEncodings = 0;
			knownRegions = (
				en,
			);
			mainGroup = 58A0E1F0136D152200539D9D;
			productRefGroup = 58A0E1FC136D152200539D9D /* Products */;
			projectDirPath = "";
			projectRoot = "";
			targets = (
				58A0E1FA136D152200539D9D /* waitress */,
			);
		};
/* End PBXProject section */

/* Begin PBXSourcesBuildPhase section */
		58A0E1F7136D152200539D9D /* Sources */ = {
			isa = PBXSourcesBuildPhase;
			buildActionMask = 2147483647;
			files = (
			);
			runOnlyForDeploymentPostprocessing = 0;
		};
/* End PBXSourcesBuildPhase section */

/* Begin XCBuildConfiguration section */
		58A0E1FD136D152200539D9D /* Debug */ = {
			isa = XCBuildConfiguration;
			buildSettings = {
				ARCHS = "$(ARCHS_STANDARD_32_64_BIT)";
				GCC_C_LANGUAGE_STANDARD = gnu99;
				GCC_OPTIMIZATION_LEVEL = 0;
				GCC_PREPROCESSOR_DEFINITIONS = DEBUG;
				GCC_SYMBOLS_PRIVATE_EXTERN = NO;
				GCC_VERSION = com.apple.compilers.llvm.clang.1_0;
				GCC_WARN_64_TO_32_BIT_CONVERSION = YES;
				GCC_WARN_ABOUT_RETURN_TYPE = YES;
				GCC_WARN_UNUSED_VARIABLE = YES;
				MACOSX_DEPLOYMENT_TARGET = 10.6;
				ONLY_ACTIVE_ARCH = YES;
				SDKROOT = macosx;
			};
			name = Debug;
		};
		58A0E1FE136D152200539D9D /* Release */ = {
			isa = XCBuildConfiguration;
			buildSettings = {
				ARCHS = "$(ARCHS_STANDARD_32_64_BIT)";
				GCC_C_LANGUAGE_STANDARD = gnu99;
				GCC_VERSION = com.apple.compilers.llvm.clang.1_0;
				GCC_WARN_64_TO_32_BIT_CONVERSION = YES;
				GCC_WARN_ABOUT_RETURN_TYPE = YES;
				GCC_WARN_UNUSED_VARIABLE = YES;
				MACOSX_DEPLOYMENT_TARGET = 10.6;
				SDKROOT = macosx;
			};
			name = Release;
		};
		58A0E200136D152200539D9D /* Debug */ = {
			isa = XCBuildConfiguration;
			buildSettings = {
				ALWAYS_SEARCH_USER_PATHS = NO;
				COPY_PHASE_STRIP = NO;
				EXECUTABLE_PREFIX = lib;
				GCC_DYNAMIC_NO_PIC = NO;
				GCC_ENABLE_OBJC_EXCEPTIONS = YES;
				PRODUCT_NAME = "$(TARGET_NAME)";
			};
			name = Debug;
		};
		58A0E201136D152200539D9D /* Release */ = {
			isa = XCBuildConfiguration;
			buildSettings = {
				ALWAYS_SEARCH_USER_PATHS = NO;
				COPY_PHASE_STRIP = YES;
				DEBUG_INFORMATION_FORMAT = "dwarf-with-dsym";
				EXECUTABLE_PREFIX = lib;
				GCC_ENABLE_OBJC_EXCEPTIONS = YES;
				PRODUCT_NAME = "$(TARGET_NAME)";
			};
			name = Release;
		};
/* End XCBuildConfiguration section */

/* Begin XCConfigurationList section */
		58A0E1F5136D152200539D9D /* Build configuration list for PBXProject "waitress" */ = {
			isa = XCConfigurationList;
			buildConfigurations = (
				58A0E1FD136D152200539D9D /* Debug */,
				58A0E1FE136D152200539D9D /* Release */,
			);
			defaultConfigurationIsVisible = 0;
			defaultConfigurationName = Release;
		};
		58A0E1FF136D152200539D9D /* Build configuration list for PBXNativeTarget "waitress" */ = {
			isa = XCConfigurationList;
			buildConfigurations = (
				58A0E200136D152200539D9D /* Debug */,
				58A0E201136D152200539D9D /* Release */,
			);
			defaultConfigurationIsVisible = 0;
		};
/* End XCConfigurationList section */
	};
	rootObject = 58A0E1F2136D152200539D9D /* Project object */;
}
