// !$*UTF8*$!
{
	archiveVersion = 1;
	classes = {
	};
	objectVersion = 46;
	objects = {

/* Begin PBXFileReference section */
		58A0E1E9136D150800539D9D /* libezxml.a */ = {isa = PBXFileReference; explicitFileType = archive.ar; includeInIndex = 0; path = libezxml.a; sourceTree = BUILT_PRODUCTS_DIR; };
/* End PBXFileReference section */

/* Begin PBXFrameworksBuildPhase section */
		58A0E1E6136D150800539D9D /* Frameworks */ = {
			isa = PBXFrameworksBuildPhase;
			buildActionMask = 2147483647;
			files = (
			);
			runOnlyForDeploymentPostprocessing = 0;
		};
/* End PBXFrameworksBuildPhase section */

/* Begin PBXGroup section */
		58A0E1DE136D150800539D9D = {
			isa = PBXGroup;
			children = (
				58A0E1EA136D150800539D9D /* Products */,
			);
			sourceTree = "<group>";
		};
		58A0E1EA136D150800539D9D /* Products */ = {
			isa = PBXGroup;
			children = (
				58A0E1E9136D150800539D9D /* libezxml.a */,
			);
			name = Products;
			sourceTree = "<group>";
		};
/* End PBXGroup section */

/* Begin PBXHeadersBuildPhase section */
		58A0E1E7136D150800539D9D /* Headers */ = {
			isa = PBXHeadersBuildPhase;
			buildActionMask = 2147483647;
			files = (
			);
			runOnlyForDeploymentPostprocessing = 0;
		};
/* End PBXHeadersBuildPhase section */

/* Begin PBXNativeTarget section */
		58A0E1E8136D150800539D9D /* ezxml */ = {
			isa = PBXNativeTarget;
			buildConfigurationList = 58A0E1ED136D150800539D9D /* Build configuration list for PBXNativeTarget "ezxml" */;
			buildPhases = (
				58A0E1E5136D150800539D9D /* Sources */,
				58A0E1E6136D150800539D9D /* Frameworks */,
				58A0E1E7136D150800539D9D /* Headers */,
			);
			buildRules = (
			);
			dependencies = (
			);
			name = ezxml;
			productName = ezxml;
			productReference = 58A0E1E9136D150800539D9D /* libezxml.a */;
			productType = "com.apple.product-type.library.static";
		};
/* End PBXNativeTarget section */

/* Begin PBXProject section */
		58A0E1E0136D150800539D9D /* Project object */ = {
			isa = PBXProject;
			attributes = {
				ORGANIZATIONNAME = "J. Haitas, LLC";
			};
			buildConfigurationList = 58A0E1E3136D150800539D9D /* Build configuration list for PBXProject "ezxml" */;
			compatibilityVersion = "Xcode 3.2";
			developmentRegion = English;
			hasScannedForEncodings = 0;
			knownRegions = (
				en,
			);
			mainGroup = 58A0E1DE136D150800539D9D;
			productRefGroup = 58A0E1EA136D150800539D9D /* Products */;
			projectDirPath = "";
			projectRoot = "";
			targets = (
				58A0E1E8136D150800539D9D /* ezxml */,
			);
		};
/* End PBXProject section */

/* Begin PBXSourcesBuildPhase section */
		58A0E1E5136D150800539D9D /* Sources */ = {
			isa = PBXSourcesBuildPhase;
			buildActionMask = 2147483647;
			files = (
			);
			runOnlyForDeploymentPostprocessing = 0;
		};
/* End PBXSourcesBuildPhase section */

/* Begin XCBuildConfiguration section */
		58A0E1EB136D150800539D9D /* Debug */ = {
			isa = XCBuildConfiguration;
			buildSettings = {
				ARCHS = "$(ARCHS_STANDARD_32_64_BIT)";
				GCC_C_LANGUAGE_STANDARD = gnu99;
				GCC_OPTIMIZATION_LEVEL = 0;
				GCC_PREPROCESSOR_DEFINITIONS = DEBUG;
				GCC_SYMBOLS_PRIVATE_EXTERN = NO;
				GCC_VERSION = com.apple.compilers.llvm.clang.1_0;
				GCC_WARN_64_TO_32_BIT_CONVERSION = YES;
				GCC_WARN_ABOUT_RETURN_TYPE = YES;
				GCC_WARN_UNUSED_VARIABLE = YES;
				MACOSX_DEPLOYMENT_TARGET = 10.6;
				ONLY_ACTIVE_ARCH = YES;
				SDKROOT = macosx;
			};
			name = Debug;
		};
		58A0E1EC136D150800539D9D /* Release */ = {
			isa = XCBuildConfiguration;
			buildSettings = {
				ARCHS = "$(ARCHS_STANDARD_32_64_BIT)";
				GCC_C_LANGUAGE_STANDARD = gnu99;
				GCC_VERSION = com.apple.compilers.llvm.clang.1_0;
				GCC_WARN_64_TO_32_BIT_CONVERSION = YES;
				GCC_WARN_ABOUT_RETURN_TYPE = YES;
				GCC_WARN_UNUSED_VARIABLE = YES;
				MACOSX_DEPLOYMENT_TARGET = 10.6;
				SDKROOT = macosx;
			};
			name = Release;
		};
		58A0E1EE136D150800539D9D /* Debug */ = {
			isa = XCBuildConfiguration;
			buildSettings = {
				ALWAYS_SEARCH_USER_PATHS = NO;
				COPY_PHASE_STRIP = NO;
				EXECUTABLE_PREFIX = lib;
				GCC_DYNAMIC_NO_PIC = NO;
				GCC_ENABLE_OBJC_EXCEPTIONS = YES;
				PRODUCT_NAME = "$(TARGET_NAME)";
			};
			name = Debug;
		};
		58A0E1EF136D150800539D9D /* Release */ = {
			isa = XCBuildConfiguration;
			buildSettings = {
				ALWAYS_SEARCH_USER_PATHS = NO;
				COPY_PHASE_STRIP = YES;
				DEBUG_INFORMATION_FORMAT = "dwarf-with-dsym";
				EXECUTABLE_PREFIX = lib;
				GCC_ENABLE_OBJC_EXCEPTIONS = YES;
				PRODUCT_NAME = "$(TARGET_NAME)";
			};
			name = Release;
		};
/* End XCBuildConfiguration section */

/* Begin XCConfigurationList section */
		58A0E1E3136D150800539D9D /* Build configuration list for PBXProject "ezxml" */ = {
			isa = XCConfigurationList;
			buildConfigurations = (
				58A0E1EB136D150800539D9D /* Debug */,
				58A0E1EC136D150800539D9D /* Release */,
			);
			defaultConfigurationIsVisible = 0;
			defaultConfigurationName = Release;
		};
		58A0E1ED136D150800539D9D /* Build configuration list for PBXNativeTarget "ezxml" */ = {
			isa = XCConfigurationList;
			buildConfigurations = (
				58A0E1EE136D150800539D9D /* Debug */,
				58A0E1EF136D150800539D9D /* Release */,
			);
			defaultConfigurationIsVisible = 0;
		};
/* End XCConfigurationList section */
	};
	rootObject = 58A0E1E0136D150800539D9D /* Project object */;
}
